
Microsoft Visual Studio Solution File, Format Version 12.00
# Visual Studio Version 17
VisualStudioVersion = 17.11.35222.181
MinimumVisualStudioVersion = 10.0.40219.1
Project("{FAE04EC0-301F-11D3-BF4B-00C04F79EFBC}") = "Leccion38", "Leccion38.csproj", "{4FD2F2E6-0456-4BBD-899B-A1B2C22FE672}"
EndProject
Global
	GlobalSection(SolutionConfigurationPlatforms) = preSolution
		Debug|Any CPU = Debug|Any CPU
		Release|Any CPU = Release|Any CPU
	EndGlobalSection
	GlobalSection(ProjectConfigurationPlatforms) = postSolution
		{4FD2F2E6-0456-4BBD-899B-A1B2C22FE672}.Debug|Any CPU.ActiveCfg = Debug|Any CPU
		{4FD2F2E6-0456-4BBD-899B-A1B2C22FE672}.Debug|Any CPU.Build.0 = Debug|Any CPU
		{4FD2F2E6-0456-4BBD-899B-A1B2C22FE672}.Release|Any CPU.ActiveCfg = Release|Any CPU
		{4FD2F2E6-0456-4BBD-899B-A1B2C22FE672}.Release|Any CPU.Build.0 = Release|Any CPU
	EndGlobalSection
	GlobalSection(SolutionProperties) = preSolution
		HideSolutionNode = FALSE
	EndGlobalSection
	GlobalSection(ExtensibilityGlobals) = postSolution
		SolutionGuid = {8B3692C6-2C23-4134-8EF0-F41D1F65F170}
	EndGlobalSection
EndGlobal
